
Microsoft Visual Studio Solution File, Format Version 12.00
# Visual Studio Version 16
VisualStudioVersion = 16.0.31205.134
MinimumVisualStudioVersion = 10.0.40219.1
Project("{FAE04EC0-301F-11D3-BF4B-00C04F79EFBC}") = "Consumer", "Consumer\Consumer.csproj", "{D1421121-B437-45F6-9B7F-444F4A45FC02}"
EndProject
Project("{FAE04EC0-301F-11D3-BF4B-00C04F79EFBC}") = "Producer", "Producer\Producer.csproj", "{0BBAF221-FDDF-4DE1-A978-7C44E9F9B3DE}"
EndProject
Global
	GlobalSection(SolutionConfigurationPlatforms) = preSolution
		Debug|Any CPU = Debug|Any CPU
		Release|Any CPU = Release|Any CPU
	EndGlobalSection
	GlobalSection(ProjectConfigurationPlatforms) = postSolution
		{D1421121-B437-45F6-9B7F-444F4A45FC02}.Debug|Any CPU.ActiveCfg = Debug|Any CPU
		{D1421121-B437-45F6-9B7F-444F4A45FC02}.Debug|Any CPU.Build.0 = Debug|Any CPU
		{D1421121-B437-45F6-9B7F-444F4A45FC02}.Release|Any CPU.ActiveCfg = Release|Any CPU
		{D1421121-B437-45F6-9B7F-444F4A45FC02}.Release|Any CPU.Build.0 = Release|Any CPU
		{0BBAF221-FDDF-4DE1-A978-7C44E9F9B3DE}.Debug|Any CPU.ActiveCfg = Debug|Any CPU
		{0BBAF221-FDDF-4DE1-A978-7C44E9F9B3DE}.Debug|Any CPU.Build.0 = Debug|Any CPU
		{0BBAF221-FDDF-4DE1-A978-7C44E9F9B3DE}.Release|Any CPU.ActiveCfg = Release|Any CPU
		{0BBAF221-FDDF-4DE1-A978-7C44E9F9B3DE}.Release|Any CPU.Build.0 = Release|Any CPU
	EndGlobalSection
	GlobalSection(SolutionProperties) = preSolution
		HideSolutionNode = FALSE
	EndGlobalSection
	GlobalSection(ExtensibilityGlobals) = postSolution
		SolutionGuid = {A5219B80-C893-4BCD-819D-DD44B459BF77}
	EndGlobalSection
EndGlobal
